
Microsoft Visual Studio Solution File, Format Version 12.00
# Visual Studio Version 16
VisualStudioVersion = 16.0.28803.452
MinimumVisualStudioVersion = 10.0.40219.1
Project("{FAE04EC0-301F-11D3-BF4B-00C04F79EFBC}") = "IE-Launcher", "IE-Launcher\IE-Launcher.csproj", "{B5707398-46CF-4EF5-A7B6-CFD67D71821D}"
EndProject
Global
	GlobalSection(SolutionConfigurationPlatforms) = preSolution
		Debug|Any CPU = Debug|Any CPU
		Release|Any CPU = Release|Any CPU
	EndGlobalSection
	GlobalSection(ProjectConfigurationPlatforms) = postSolution
		{B5707398-46CF-4EF5-A7B6-CFD67D71821D}.Debug|Any CPU.ActiveCfg = Debug|Any CPU
		{B5707398-46CF-4EF5-A7B6-CFD67D71821D}.Debug|Any CPU.Build.0 = Debug|Any CPU
		{B5707398-46CF-4EF5-A7B6-CFD67D71821D}.Release|Any CPU.ActiveCfg = Release|Any CPU
		{B5707398-46CF-4EF5-A7B6-CFD67D71821D}.Release|Any CPU.Build.0 = Release|Any CPU
	EndGlobalSection
	GlobalSection(SolutionProperties) = preSolution
		HideSolutionNode = FALSE
	EndGlobalSection
	GlobalSection(ExtensibilityGlobals) = postSolution
		SolutionGuid = {04B392D0-1213-49F4-AEA7-A0680EACE889}
	EndGlobalSection
EndGlobal
